// !$*UTF8*$!
{
	archiveVersion = 1;
	classes = {
	};
	objectVersion = 50;
	objects = {

/* Begin PBXBuildFile section */
		C307F2DA22ABEFEA001579EA /* HomeView.swift in Sources */ = {isa = PBXBuildFile; fileRef = C307F2D922ABEFEA001579EA /* HomeView.swift */; };
		C307F2FC22AC18DA001579EA /* PodcastRow.swift in Sources */ = {isa = PBXBuildFile; fileRef = C307F2FB22AC18DA001579EA /* PodcastRow.swift */; };
		C307F2FF22AC1933001579EA /* Previews.swift in Sources */ = {isa = PBXBuildFile; fileRef = C307F2FE22AC1933001579EA /* Previews.swift */; };
		C307F30222AC1C0E001579EA /* PodcastView.swift in Sources */ = {isa = PBXBuildFile; fileRef = C307F30122AC1C0E001579EA /* PodcastView.swift */; };
		C307F30522ACFF4B001579EA /* Episode.swift in Sources */ = {isa = PBXBuildFile; fileRef = C307F30422ACFF4B001579EA /* Episode.swift */; };
		C307F30B22AD01A1001579EA /* EpisodeView.swift in Sources */ = {isa = PBXBuildFile; fileRef = C307F30A22AD01A1001579EA /* EpisodeView.swift */; };
		C307F30D22AD42CF001579EA /* PodcastViewModel.swift in Sources */ = {isa = PBXBuildFile; fileRef = C307F30C22AD42CF001579EA /* PodcastViewModel.swift */; };
		C307F30F22AD5E89001579EA /* EpisodeRow.swift in Sources */ = {isa = PBXBuildFile; fileRef = C307F30E22AD5E89001579EA /* EpisodeRow.swift */; };
		C3870BB822AEAAF900EC3FEF /* UIImage+Color.swift in Sources */ = {isa = PBXBuildFile; fileRef = C3870BB722AEAAF900EC3FEF /* UIImage+Color.swift */; };
		C3870BBA22AEB6D900EC3FEF /* spinner.gif in Resources */ = {isa = PBXBuildFile; fileRef = C3870BB922AEB6D900EC3FEF /* spinner.gif */; };
		C3968F0B22AA416C004CB76C /* AppDelegate.swift in Sources */ = {isa = PBXBuildFile; fileRef = C3968F0A22AA416C004CB76C /* AppDelegate.swift */; };
		C3968F0D22AA416C004CB76C /* SceneDelegate.swift in Sources */ = {isa = PBXBuildFile; fileRef = C3968F0C22AA416C004CB76C /* SceneDelegate.swift */; };
		C3968F0F22AA416C004CB76C /* PodcastsView.swift in Sources */ = {isa = PBXBuildFile; fileRef = C3968F0E22AA416C004CB76C /* PodcastsView.swift */; };
		C3968F1122AA416E004CB76C /* Assets.xcassets in Resources */ = {isa = PBXBuildFile; fileRef = C3968F1022AA416E004CB76C /* Assets.xcassets */; };
		C3968F1422AA416E004CB76C /* Preview Assets.xcassets in Resources */ = {isa = PBXBuildFile; fileRef = C3968F1322AA416E004CB76C /* Preview Assets.xcassets */; };
		C3968F1722AA416E004CB76C /* LaunchScreen.storyboard in Resources */ = {isa = PBXBuildFile; fileRef = C3968F1522AA416E004CB76C /* LaunchScreen.storyboard */; };
		C3968F2222AA416E004CB76C /* PodcastsTests.swift in Sources */ = {isa = PBXBuildFile; fileRef = C3968F2122AA416E004CB76C /* PodcastsTests.swift */; };
		C3968F2E22AA4A33004CB76C /* PodcastsViewModel.swift in Sources */ = {isa = PBXBuildFile; fileRef = C3968F2D22AA4A33004CB76C /* PodcastsViewModel.swift */; };
		C3A2BE6522AEC975003FFB3A /* ImageLoader.swift in Sources */ = {isa = PBXBuildFile; fileRef = C3A2BE6422AEC975003FFB3A /* ImageLoader.swift */; };
		C3B1FF9F22B834D100582250 /* Container.swift in Sources */ = {isa = PBXBuildFile; fileRef = C3B1FF9E22B834D100582250 /* Container.swift */; };
		C3B1FFA122B8351200582250 /* AppDelegate+Container.swift in Sources */ = {isa = PBXBuildFile; fileRef = C3B1FFA022B8351200582250 /* AppDelegate+Container.swift */; };
		C3C2441822AE84440021050F /* Kingfisher.framework in Frameworks */ = {isa = PBXBuildFile; fileRef = C3D56D0422AE81C600B0A948 /* Kingfisher.framework */; };
		C3C2441C22AE86820021050F /* ImagesLoader.swift in Sources */ = {isa = PBXBuildFile; fileRef = C3C2441B22AE86820021050F /* ImagesLoader.swift */; };
		C3D56D0222AE7C7000B0A948 /* PodcastHeaderView.swift in Sources */ = {isa = PBXBuildFile; fileRef = C3D56D0122AE7C7000B0A948 /* PodcastHeaderView.swift */; };
		C3E1087822AFE15100F05D61 /* Date+Formatter.swift in Sources */ = {isa = PBXBuildFile; fileRef = C3E1087722AFE15100F05D61 /* Date+Formatter.swift */; };
		C3E1087A22AFE24C00F05D61 /* Int+Timestamp.swift in Sources */ = {isa = PBXBuildFile; fileRef = C3E1087922AFE24C00F05D61 /* Int+Timestamp.swift */; };
		C3E1087D22AFFE0C00F05D61 /* Player.swift in Sources */ = {isa = PBXBuildFile; fileRef = C3E1087C22AFFE0C00F05D61 /* Player.swift */; };
		C3E3AFC722B8BF750038821F /* ProgressView.swift in Sources */ = {isa = PBXBuildFile; fileRef = C3E3AFC622B8BF750038821F /* ProgressView.swift */; };
		C3E3AFC922B8D3880038821F /* Constants.swift in Sources */ = {isa = PBXBuildFile; fileRef = C3E3AFC822B8D3880038821F /* Constants.swift */; };
		C3F51E7A22AF8A8C00279F4C /* Spinner.swift in Sources */ = {isa = PBXBuildFile; fileRef = C3F51E7922AF8A8C00279F4C /* Spinner.swift */; };
		C3F5D70122B04FDC00C25132 /* PlayerView.swift in Sources */ = {isa = PBXBuildFile; fileRef = C3F5D70022B04FDC00C25132 /* PlayerView.swift */; };
		C3FE2D0122AAACF300B814BE /* AnySubscription.swift in Sources */ = {isa = PBXBuildFile; fileRef = C3FE2D0022AAACF300B814BE /* AnySubscription.swift */; };
		C3FE2D0322AAAD1800B814BE /* URLSession+Extensions.swift in Sources */ = {isa = PBXBuildFile; fileRef = C3FE2D0222AAAD1800B814BE /* URLSession+Extensions.swift */; };
		C3FE2D0522AAC40600B814BE /* PodcastRepository.swift in Sources */ = {isa = PBXBuildFile; fileRef = C3FE2D0422AAC40600B814BE /* PodcastRepository.swift */; };
		C3FE2D0B22AAC6B500B814BE /* Podcast.swift in Sources */ = {isa = PBXBuildFile; fileRef = C3FE2D0A22AAC6B500B814BE /* Podcast.swift */; };
/* End PBXBuildFile section */

/* Begin PBXContainerItemProxy section */
		C3968F1E22AA416E004CB76C /* PBXContainerItemProxy */ = {
			isa = PBXContainerItemProxy;
			containerPortal = C3968EFF22AA416C004CB76C /* Project object */;
			proxyType = 1;
			remoteGlobalIDString = C3968F0622AA416C004CB76C;
			remoteInfo = Podcasts;
		};
/* End PBXContainerItemProxy section */

/* Begin PBXFileReference section */
		C307F2D922ABEFEA001579EA /* HomeView.swift */ = {isa = PBXFileReference; lastKnownFileType = sourcecode.swift; path = HomeView.swift; sourceTree = "<group>"; };
		C307F2FB22AC18DA001579EA /* PodcastRow.swift */ = {isa = PBXFileReference; lastKnownFileType = sourcecode.swift; path = PodcastRow.swift; sourceTree = "<group>"; };
		C307F2FE22AC1933001579EA /* Previews.swift */ = {isa = PBXFileReference; lastKnownFileType = sourcecode.swift; path = Previews.swift; sourceTree = "<group>"; };
		C307F30122AC1C0E001579EA /* PodcastView.swift */ = {isa = PBXFileReference; lastKnownFileType = sourcecode.swift; path = PodcastView.swift; sourceTree = "<group>"; };
		C307F30422ACFF4B001579EA /* Episode.swift */ = {isa = PBXFileReference; lastKnownFileType = sourcecode.swift; path = Episode.swift; sourceTree = "<group>"; };
		C307F30A22AD01A1001579EA /* EpisodeView.swift */ = {isa = PBXFileReference; lastKnownFileType = sourcecode.swift; path = EpisodeView.swift; sourceTree = "<group>"; };
		C307F30C22AD42CF001579EA /* PodcastViewModel.swift */ = {isa = PBXFileReference; lastKnownFileType = sourcecode.swift; path = PodcastViewModel.swift; sourceTree = "<group>"; };
		C307F30E22AD5E89001579EA /* EpisodeRow.swift */ = {isa = PBXFileReference; lastKnownFileType = sourcecode.swift; path = EpisodeRow.swift; sourceTree = "<group>"; };
		C3870BB722AEAAF900EC3FEF /* UIImage+Color.swift */ = {isa = PBXFileReference; lastKnownFileType = sourcecode.swift; path = "UIImage+Color.swift"; sourceTree = "<group>"; };
		C3870BB922AEB6D900EC3FEF /* spinner.gif */ = {isa = PBXFileReference; lastKnownFileType = image.gif; path = spinner.gif; sourceTree = "<group>"; };
		C3968F0722AA416C004CB76C /* Podcasts.app */ = {isa = PBXFileReference; explicitFileType = wrapper.application; includeInIndex = 0; path = Podcasts.app; sourceTree = BUILT_PRODUCTS_DIR; };
		C3968F0A22AA416C004CB76C /* AppDelegate.swift */ = {isa = PBXFileReference; lastKnownFileType = sourcecode.swift; path = AppDelegate.swift; sourceTree = "<group>"; };
		C3968F0C22AA416C004CB76C /* SceneDelegate.swift */ = {isa = PBXFileReference; lastKnownFileType = sourcecode.swift; path = SceneDelegate.swift; sourceTree = "<group>"; };
		C3968F0E22AA416C004CB76C /* PodcastsView.swift */ = {isa = PBXFileReference; lastKnownFileType = sourcecode.swift; path = PodcastsView.swift; sourceTree = "<group>"; };
		C3968F1022AA416E004CB76C /* Assets.xcassets */ = {isa = PBXFileReference; lastKnownFileType = folder.assetcatalog; path = Assets.xcassets; sourceTree = "<group>"; };
		C3968F1322AA416E004CB76C /* Preview Assets.xcassets */ = {isa = PBXFileReference; lastKnownFileType = folder.assetcatalog; path = "Preview Assets.xcassets"; sourceTree = "<group>"; };
		C3968F1622AA416E004CB76C /* Base */ = {isa = PBXFileReference; lastKnownFileType = file.storyboard; name = Base; path = Base.lproj/LaunchScreen.storyboard; sourceTree = "<group>"; };
		C3968F1822AA416E004CB76C /* Info.plist */ = {isa = PBXFileReference; lastKnownFileType = text.plist.xml; path = Info.plist; sourceTree = "<group>"; };
		C3968F1D22AA416E004CB76C /* PodcastsTests.xctest */ = {isa = PBXFileReference; explicitFileType = wrapper.cfbundle; includeInIndex = 0; path = PodcastsTests.xctest; sourceTree = BUILT_PRODUCTS_DIR; };
		C3968F2122AA416E004CB76C /* PodcastsTests.swift */ = {isa = PBXFileReference; lastKnownFileType = sourcecode.swift; path = PodcastsTests.swift; sourceTree = "<group>"; };
		C3968F2322AA416E004CB76C /* Info.plist */ = {isa = PBXFileReference; lastKnownFileType = text.plist.xml; path = Info.plist; sourceTree = "<group>"; };
		C3968F2D22AA4A33004CB76C /* PodcastsViewModel.swift */ = {isa = PBXFileReference; lastKnownFileType = sourcecode.swift; path = PodcastsViewModel.swift; sourceTree = "<group>"; };
		C3A2BE6422AEC975003FFB3A /* ImageLoader.swift */ = {isa = PBXFileReference; lastKnownFileType = sourcecode.swift; path = ImageLoader.swift; sourceTree = "<group>"; };
		C3B1FF9E22B834D100582250 /* Container.swift */ = {isa = PBXFileReference; lastKnownFileType = sourcecode.swift; path = Container.swift; sourceTree = "<group>"; };
		C3B1FFA022B8351200582250 /* AppDelegate+Container.swift */ = {isa = PBXFileReference; lastKnownFileType = sourcecode.swift; path = "AppDelegate+Container.swift"; sourceTree = "<group>"; };
		C3C2441B22AE86820021050F /* ImagesLoader.swift */ = {isa = PBXFileReference; lastKnownFileType = sourcecode.swift; path = ImagesLoader.swift; sourceTree = "<group>"; };
		C3D56D0122AE7C7000B0A948 /* PodcastHeaderView.swift */ = {isa = PBXFileReference; lastKnownFileType = sourcecode.swift; path = PodcastHeaderView.swift; sourceTree = "<group>"; };
		C3D56D0422AE81C600B0A948 /* Kingfisher.framework */ = {isa = PBXFileReference; lastKnownFileType = wrapper.framework; name = Kingfisher.framework; path = Carthage/Build/iOS/Kingfisher.framework; sourceTree = "<group>"; };
		C3E1087722AFE15100F05D61 /* Date+Formatter.swift */ = {isa = PBXFileReference; lastKnownFileType = sourcecode.swift; path = "Date+Formatter.swift"; sourceTree = "<group>"; };
		C3E1087922AFE24C00F05D61 /* Int+Timestamp.swift */ = {isa = PBXFileReference; lastKnownFileType = sourcecode.swift; path = "Int+Timestamp.swift"; sourceTree = "<group>"; };
		C3E1087C22AFFE0C00F05D61 /* Player.swift */ = {isa = PBXFileReference; lastKnownFileType = sourcecode.swift; path = Player.swift; sourceTree = "<group>"; };
		C3E3AFC622B8BF750038821F /* ProgressView.swift */ = {isa = PBXFileReference; lastKnownFileType = sourcecode.swift; path = ProgressView.swift; sourceTree = "<group>"; };
		C3E3AFC822B8D3880038821F /* Constants.swift */ = {isa = PBXFileReference; lastKnownFileType = sourcecode.swift; path = Constants.swift; sourceTree = "<group>"; };
		C3F51E7922AF8A8C00279F4C /* Spinner.swift */ = {isa = PBXFileReference; lastKnownFileType = sourcecode.swift; path = Spinner.swift; sourceTree = "<group>"; };
		C3F5D70022B04FDC00C25132 /* PlayerView.swift */ = {isa = PBXFileReference; lastKnownFileType = sourcecode.swift; path = PlayerView.swift; sourceTree = "<group>"; };
		C3FE2D0022AAACF300B814BE /* AnySubscription.swift */ = {isa = PBXFileReference; lastKnownFileType = sourcecode.swift; path = AnySubscription.swift; sourceTree = "<group>"; };
		C3FE2D0222AAAD1800B814BE /* URLSession+Extensions.swift */ = {isa = PBXFileReference; lastKnownFileType = sourcecode.swift; path = "URLSession+Extensions.swift"; sourceTree = "<group>"; };
		C3FE2D0422AAC40600B814BE /* PodcastRepository.swift */ = {isa = PBXFileReference; lastKnownFileType = sourcecode.swift; path = PodcastRepository.swift; sourceTree = "<group>"; };
		C3FE2D0A22AAC6B500B814BE /* Podcast.swift */ = {isa = PBXFileReference; lastKnownFileType = sourcecode.swift; path = Podcast.swift; sourceTree = "<group>"; };
/* End PBXFileReference section */

/* Begin PBXFrameworksBuildPhase section */
		C3968F0422AA416C004CB76C /* Frameworks */ = {
			isa = PBXFrameworksBuildPhase;
			buildActionMask = 2147483647;
			files = (
				C3C2441822AE84440021050F /* Kingfisher.framework in Frameworks */,
			);
			runOnlyForDeploymentPostprocessing = 0;
		};
		C3968F1A22AA416E004CB76C /* Frameworks */ = {
			isa = PBXFrameworksBuildPhase;
			buildActionMask = 2147483647;
			files = (
			);
			runOnlyForDeploymentPostprocessing = 0;
		};
/* End PBXFrameworksBuildPhase section */

/* Begin PBXGroup section */
		C307F30022AC1BF9001579EA /* Podcast */ = {
			isa = PBXGroup;
			children = (
				C307F30E22AD5E89001579EA /* EpisodeRow.swift */,
				C3D56D0122AE7C7000B0A948 /* PodcastHeaderView.swift */,
				C307F30122AC1C0E001579EA /* PodcastView.swift */,
				C307F30C22AD42CF001579EA /* PodcastViewModel.swift */,
			);
			path = Podcast;
			sourceTree = "<group>";
		};
		C307F30322ACFF35001579EA /* Models */ = {
			isa = PBXGroup;
			children = (
				C3FE2D0A22AAC6B500B814BE /* Podcast.swift */,
				C307F30422ACFF4B001579EA /* Episode.swift */,
			);
			path = Models;
			sourceTree = "<group>";
		};
		C307F30922AD0194001579EA /* Episode */ = {
			isa = PBXGroup;
			children = (
				C307F30A22AD01A1001579EA /* EpisodeView.swift */,
			);
			path = Episode;
			sourceTree = "<group>";
		};
		C347ED1322AD8A4C007837A1 /* Assets */ = {
			isa = PBXGroup;
			children = (
				C3870BB922AEB6D900EC3FEF /* spinner.gif */,
				C3968F1022AA416E004CB76C /* Assets.xcassets */,
				C3968F1522AA416E004CB76C /* LaunchScreen.storyboard */,
			);
			path = Assets;
			sourceTree = "<group>";
		};
		C3968EFE22AA416C004CB76C = {
			isa = PBXGroup;
			children = (
				C3968F0922AA416C004CB76C /* Podcasts */,
				C3968F2022AA416E004CB76C /* PodcastsTests */,
				C3968F0822AA416C004CB76C /* Products */,
				C3D56D0322AE81C600B0A948 /* Frameworks */,
			);
			sourceTree = "<group>";
		};
		C3968F0822AA416C004CB76C /* Products */ = {
			isa = PBXGroup;
			children = (
				C3968F0722AA416C004CB76C /* Podcasts.app */,
				C3968F1D22AA416E004CB76C /* PodcastsTests.xctest */,
			);
			name = Products;
			sourceTree = "<group>";
		};
		C3968F0922AA416C004CB76C /* Podcasts */ = {
			isa = PBXGroup;
			children = (
				C3C2441D22AE868D0021050F /* Shared */,
				C347ED1322AD8A4C007837A1 /* Assets */,
				C3FE2D0722AAC63D00B814BE /* Scenes */,
				C3968F2C22AA4A25004CB76C /* Core */,
				C3968F0A22AA416C004CB76C /* AppDelegate.swift */,
				C3968F0C22AA416C004CB76C /* SceneDelegate.swift */,
				C3968F1822AA416E004CB76C /* Info.plist */,
				C3968F1222AA416E004CB76C /* Preview Content */,
			);
			path = Podcasts;
			sourceTree = "<group>";
		};
		C3968F1222AA416E004CB76C /* Preview Content */ = {
			isa = PBXGroup;
			children = (
				C307F2FE22AC1933001579EA /* Previews.swift */,
				C3968F1322AA416E004CB76C /* Preview Assets.xcassets */,
			);
			path = "Preview Content";
			sourceTree = "<group>";
		};
		C3968F2022AA416E004CB76C /* PodcastsTests */ = {
			isa = PBXGroup;
			children = (
				C3968F2122AA416E004CB76C /* PodcastsTests.swift */,
				C3968F2322AA416E004CB76C /* Info.plist */,
			);
			path = PodcastsTests;
			sourceTree = "<group>";
		};
		C3968F2C22AA4A25004CB76C /* Core */ = {
			isa = PBXGroup;
			children = (
				C3E1087B22AFFDFE00F05D61 /* Player */,
				C3FE2D0922AAC68D00B814BE /* Podcasts */,
				C3FE2D0622AAC60900B814BE /* Extensions */,
				C3FE2D0022AAACF300B814BE /* AnySubscription.swift */,
			);
			path = Core;
			sourceTree = "<group>";
		};
		C3C2441D22AE868D0021050F /* Shared */ = {
			isa = PBXGroup;
			children = (
				C3C2441B22AE86820021050F /* ImagesLoader.swift */,
				C3870BB722AEAAF900EC3FEF /* UIImage+Color.swift */,
				C3A2BE6422AEC975003FFB3A /* ImageLoader.swift */,
				C3E1087722AFE15100F05D61 /* Date+Formatter.swift */,
				C3E1087922AFE24C00F05D61 /* Int+Timestamp.swift */,
				C3B1FF9E22B834D100582250 /* Container.swift */,
				C3B1FFA022B8351200582250 /* AppDelegate+Container.swift */,
			);
			path = Shared;
			sourceTree = "<group>";
		};
		C3D56D0322AE81C600B0A948 /* Frameworks */ = {
			isa = PBXGroup;
			children = (
				C3D56D0422AE81C600B0A948 /* Kingfisher.framework */,
			);
			name = Frameworks;
			sourceTree = "<group>";
		};
		C3E1087B22AFFDFE00F05D61 /* Player */ = {
			isa = PBXGroup;
			children = (
				C3E1087C22AFFE0C00F05D61 /* Player.swift */,
			);
			path = Player;
			sourceTree = "<group>";
		};
		C3F51E7822AF8A6700279F4C /* Views */ = {
			isa = PBXGroup;
			children = (
				C3F51E7922AF8A8C00279F4C /* Spinner.swift */,
				C3E3AFC622B8BF750038821F /* ProgressView.swift */,
			);
			path = Views;
			sourceTree = "<group>";
		};
		C3F5D6FF22B04FC500C25132 /* Player */ = {
			isa = PBXGroup;
			children = (
				C3F5D70022B04FDC00C25132 /* PlayerView.swift */,
			);
			path = Player;
			sourceTree = "<group>";
		};
		C3FE2D0622AAC60900B814BE /* Extensions */ = {
			isa = PBXGroup;
			children = (
				C3FE2D0222AAAD1800B814BE /* URLSession+Extensions.swift */,
			);
			path = Extensions;
			sourceTree = "<group>";
		};
		C3FE2D0722AAC63D00B814BE /* Scenes */ = {
			isa = PBXGroup;
			children = (
				C3F5D6FF22B04FC500C25132 /* Player */,
				C3F51E7822AF8A6700279F4C /* Views */,
				C307F30922AD0194001579EA /* Episode */,
				C307F30022AC1BF9001579EA /* Podcast */,
				C3FE2D0822AAC64400B814BE /* Podcasts */,
				C307F2D922ABEFEA001579EA /* HomeView.swift */,
			);
			path = Scenes;
			sourceTree = "<group>";
		};
		C3FE2D0822AAC64400B814BE /* Podcasts */ = {
			isa = PBXGroup;
			children = (
				C3968F0E22AA416C004CB76C /* PodcastsView.swift */,
				C3968F2D22AA4A33004CB76C /* PodcastsViewModel.swift */,
				C307F2FB22AC18DA001579EA /* PodcastRow.swift */,
			);
			path = Podcasts;
			sourceTree = "<group>";
		};
		C3FE2D0922AAC68D00B814BE /* Podcasts */ = {
			isa = PBXGroup;
			children = (
				C307F30322ACFF35001579EA /* Models */,
				C3FE2D0422AAC40600B814BE /* PodcastRepository.swift */,
				C3E3AFC822B8D3880038821F /* Constants.swift */,
			);
			path = Podcasts;
			sourceTree = "<group>";
		};
/* End PBXGroup section */

/* Begin PBXNativeTarget section */
		C3968F0622AA416C004CB76C /* Podcasts */ = {
			isa = PBXNativeTarget;
			buildConfigurationList = C3968F2622AA416E004CB76C /* Build configuration list for PBXNativeTarget "Podcasts" */;
			buildPhases = (
				C3968F0322AA416C004CB76C /* Sources */,
				C3968F0422AA416C004CB76C /* Frameworks */,
				C3968F0522AA416C004CB76C /* Resources */,
				C3D56D0822AE81D300B0A948 /* Carthage */,
			);
			buildRules = (
			);
			dependencies = (
			);
			name = Podcasts;
			productName = Podcasts;
			productReference = C3968F0722AA416C004CB76C /* Podcasts.app */;
			productType = "com.apple.product-type.application";
		};
		C3968F1C22AA416E004CB76C /* PodcastsTests */ = {
			isa = PBXNativeTarget;
			buildConfigurationList = C3968F2922AA416E004CB76C /* Build configuration list for PBXNativeTarget "PodcastsTests" */;
			buildPhases = (
				C3968F1922AA416E004CB76C /* Sources */,
				C3968F1A22AA416E004CB76C /* Frameworks */,
				C3968F1B22AA416E004CB76C /* Resources */,
			);
			buildRules = (
			);
			dependencies = (
				C3968F1F22AA416E004CB76C /* PBXTargetDependency */,
			);
			name = PodcastsTests;
			productName = PodcastsTests;
			productReference = C3968F1D22AA416E004CB76C /* PodcastsTests.xctest */;
			productType = "com.apple.product-type.bundle.unit-test";
		};
/* End PBXNativeTarget section */

/* Begin PBXProject section */
		C3968EFF22AA416C004CB76C /* Project object */ = {
			isa = PBXProject;
			attributes = {
				LastSwiftUpdateCheck = 1100;
				LastUpgradeCheck = 1100;
				ORGANIZATIONNAME = com.github.albertopeam;
				TargetAttributes = {
					C3968F0622AA416C004CB76C = {
						CreatedOnToolsVersion = 11.0;
					};
					C3968F1C22AA416E004CB76C = {
						CreatedOnToolsVersion = 11.0;
						TestTargetID = C3968F0622AA416C004CB76C;
					};
				};
			};
			buildConfigurationList = C3968F0222AA416C004CB76C /* Build configuration list for PBXProject "Podcasts" */;
			compatibilityVersion = "Xcode 9.3";
			developmentRegion = en;
			hasScannedForEncodings = 0;
			knownRegions = (
				en,
				Base,
			);
			mainGroup = C3968EFE22AA416C004CB76C;
			productRefGroup = C3968F0822AA416C004CB76C /* Products */;
			projectDirPath = "";
			projectRoot = "";
			targets = (
				C3968F0622AA416C004CB76C /* Podcasts */,
				C3968F1C22AA416E004CB76C /* PodcastsTests */,
			);
		};
/* End PBXProject section */

/* Begin PBXResourcesBuildPhase section */
		C3968F0522AA416C004CB76C /* Resources */ = {
			isa = PBXResourcesBuildPhase;
			buildActionMask = 2147483647;
			files = (
				C3968F1722AA416E004CB76C /* LaunchScreen.storyboard in Resources */,
				C3968F1422AA416E004CB76C /* Preview Assets.xcassets in Resources */,
				C3870BBA22AEB6D900EC3FEF /* spinner.gif in Resources */,
				C3968F1122AA416E004CB76C /* Assets.xcassets in Resources */,
			);
			runOnlyForDeploymentPostprocessing = 0;
		};
		C3968F1B22AA416E004CB76C /* Resources */ = {
			isa = PBXResourcesBuildPhase;
			buildActionMask = 2147483647;
			files = (
			);
			runOnlyForDeploymentPostprocessing = 0;
		};
/* End PBXResourcesBuildPhase section */

/* Begin PBXShellScriptBuildPhase section */
		C3D56D0822AE81D300B0A948 /* Carthage */ = {
			isa = PBXShellScriptBuildPhase;
			buildActionMask = 2147483647;
			files = (
			);
			inputFileListPaths = (
			);
			inputPaths = (
				"$(SRCROOT)/Carthage/Build/iOS/Kingfisher.framework",
			);
			name = Carthage;
			outputFileListPaths = (
			);
			outputPaths = (
				"$(BUILT_PRODUCTS_DIR)/$(FRAMEWORKS_FOLDER_PATH)/Kingfisher.framework",
			);
			runOnlyForDeploymentPostprocessing = 0;
			shellPath = /bin/sh;
			shellScript = "/usr/local/bin/carthage copy-frameworks\n";
		};
/* End PBXShellScriptBuildPhase section */

/* Begin PBXSourcesBuildPhase section */
		C3968F0322AA416C004CB76C /* Sources */ = {
			isa = PBXSourcesBuildPhase;
			buildActionMask = 2147483647;
			files = (
				C307F2DA22ABEFEA001579EA /* HomeView.swift in Sources */,
				C3968F0B22AA416C004CB76C /* AppDelegate.swift in Sources */,
				C3A2BE6522AEC975003FFB3A /* ImageLoader.swift in Sources */,
				C3968F0D22AA416C004CB76C /* SceneDelegate.swift in Sources */,
				C3E1087D22AFFE0C00F05D61 /* Player.swift in Sources */,
				C3E3AFC922B8D3880038821F /* Constants.swift in Sources */,
				C307F2FF22AC1933001579EA /* Previews.swift in Sources */,
				C3B1FFA122B8351200582250 /* AppDelegate+Container.swift in Sources */,
				C307F30B22AD01A1001579EA /* EpisodeView.swift in Sources */,
				C3870BB822AEAAF900EC3FEF /* UIImage+Color.swift in Sources */,
				C3F5D70122B04FDC00C25132 /* PlayerView.swift in Sources */,
				C3C2441C22AE86820021050F /* ImagesLoader.swift in Sources */,
				C3D56D0222AE7C7000B0A948 /* PodcastHeaderView.swift in Sources */,
				C307F2FC22AC18DA001579EA /* PodcastRow.swift in Sources */,
				C3F51E7A22AF8A8C00279F4C /* Spinner.swift in Sources */,
				C307F30222AC1C0E001579EA /* PodcastView.swift in Sources */,
				C3E1087A22AFE24C00F05D61 /* Int+Timestamp.swift in Sources */,
				C3E1087822AFE15100F05D61 /* Date+Formatter.swift in Sources */,
				C3FE2D0B22AAC6B500B814BE /* Podcast.swift in Sources */,
				C307F30522ACFF4B001579EA /* Episode.swift in Sources */,
				C3FE2D0322AAAD1800B814BE /* URLSession+Extensions.swift in Sources */,
				C307F30D22AD42CF001579EA /* PodcastViewModel.swift in Sources */,
				C3968F2E22AA4A33004CB76C /* PodcastsViewModel.swift in Sources */,
				C307F30F22AD5E89001579EA /* EpisodeRow.swift in Sources */,
				C3FE2D0122AAACF300B814BE /* AnySubscription.swift in Sources */,
				C3B1FF9F22B834D100582250 /* Container.swift in Sources */,
				C3E3AFC722B8BF750038821F /* ProgressView.swift in Sources */,
				C3FE2D0522AAC40600B814BE /* PodcastRepository.swift in Sources */,
				C3968F0F22AA416C004CB76C /* PodcastsView.swift in Sources */,
			);
			runOnlyForDeploymentPostprocessing = 0;
		};
		C3968F1922AA416E004CB76C /* Sources */ = {
			isa = PBXSourcesBuildPhase;
			buildActionMask = 2147483647;
			files = (
				C3968F2222AA416E004CB76C /* PodcastsTests.swift in Sources */,
			);
			runOnlyForDeploymentPostprocessing = 0;
		};
/* End PBXSourcesBuildPhase section */

/* Begin PBXTargetDependency section */
		C3968F1F22AA416E004CB76C /* PBXTargetDependency */ = {
			isa = PBXTargetDependency;
			target = C3968F0622AA416C004CB76C /* Podcasts */;
			targetProxy = C3968F1E22AA416E004CB76C /* PBXContainerItemProxy */;
		};
/* End PBXTargetDependency section */

/* Begin PBXVariantGroup section */
		C3968F1522AA416E004CB76C /* LaunchScreen.storyboard */ = {
			isa = PBXVariantGroup;
			children = (
				C3968F1622AA416E004CB76C /* Base */,
			);
			name = LaunchScreen.storyboard;
			sourceTree = "<group>";
		};
/* End PBXVariantGroup section */

/* Begin XCBuildConfiguration section */
		C3968F2422AA416E004CB76C /* Debug */ = {
			isa = XCBuildConfiguration;
			buildSettings = {
				ALWAYS_SEARCH_USER_PATHS = NO;
				CLANG_ANALYZER_NONNULL = YES;
				CLANG_ANALYZER_NUMBER_OBJECT_CONVERSION = YES_AGGRESSIVE;
				CLANG_CXX_LANGUAGE_STANDARD = "gnu++14";
				CLANG_CXX_LIBRARY = "libc++";
				CLANG_ENABLE_MODULES = YES;
				CLANG_ENABLE_OBJC_ARC = YES;
				CLANG_ENABLE_OBJC_WEAK = YES;
				CLANG_WARN_BLOCK_CAPTURE_AUTORELEASING = YES;
				CLANG_WARN_BOOL_CONVERSION = YES;
				CLANG_WARN_COMMA = YES;
				CLANG_WARN_CONSTANT_CONVERSION = YES;
				CLANG_WARN_DEPRECATED_OBJC_IMPLEMENTATIONS = YES;
				CLANG_WARN_DIRECT_OBJC_ISA_USAGE = YES_ERROR;
				CLANG_WARN_DOCUMENTATION_COMMENTS = YES;
				CLANG_WARN_EMPTY_BODY = YES;
				CLANG_WARN_ENUM_CONVERSION = YES;
				CLANG_WARN_INFINITE_RECURSION = YES;
				CLANG_WARN_INT_CONVERSION = YES;
				CLANG_WARN_NON_LITERAL_NULL_CONVERSION = YES;
				CLANG_WARN_OBJC_IMPLICIT_RETAIN_SELF = YES;
				CLANG_WARN_OBJC_LITERAL_CONVERSION = YES;
				CLANG_WARN_OBJC_ROOT_CLASS = YES_ERROR;
				CLANG_WARN_RANGE_LOOP_ANALYSIS = YES;
				CLANG_WARN_STRICT_PROTOTYPES = YES;
				CLANG_WARN_SUSPICIOUS_MOVE = YES;
				CLANG_WARN_UNGUARDED_AVAILABILITY = YES_AGGRESSIVE;
				CLANG_WARN_UNREACHABLE_CODE = YES;
				CLANG_WARN__DUPLICATE_METHOD_MATCH = YES;
				COPY_PHASE_STRIP = NO;
				DEBUG_INFORMATION_FORMAT = dwarf;
				ENABLE_STRICT_OBJC_MSGSEND = YES;
				ENABLE_TESTABILITY = YES;
				GCC_C_LANGUAGE_STANDARD = gnu11;
				GCC_DYNAMIC_NO_PIC = NO;
				GCC_NO_COMMON_BLOCKS = YES;
				GCC_OPTIMIZATION_LEVEL = 0;
				GCC_PREPROCESSOR_DEFINITIONS = (
					"DEBUG=1",
					"$(inherited)",
				);
				GCC_WARN_64_TO_32_BIT_CONVERSION = YES;
				GCC_WARN_ABOUT_RETURN_TYPE = YES_ERROR;
				GCC_WARN_UNDECLARED_SELECTOR = YES;
				GCC_WARN_UNINITIALIZED_AUTOS = YES_AGGRESSIVE;
				GCC_WARN_UNUSED_FUNCTION = YES;
				GCC_WARN_UNUSED_VARIABLE = YES;
				IPHONEOS_DEPLOYMENT_TARGET = 13.0;
				MTL_ENABLE_DEBUG_INFO = INCLUDE_SOURCE;
				MTL_FAST_MATH = YES;
				ONLY_ACTIVE_ARCH = YES;
				SDKROOT = iphoneos;
				SWIFT_ACTIVE_COMPILATION_CONDITIONS = DEBUG;
				SWIFT_OPTIMIZATION_LEVEL = "-Onone";
			};
			name = Debug;
		};
		C3968F2522AA416E004CB76C /* Release */ = {
			isa = XCBuildConfiguration;
			buildSettings = {
				ALWAYS_SEARCH_USER_PATHS = NO;
				CLANG_ANALYZER_NONNULL = YES;
				CLANG_ANALYZER_NUMBER_OBJECT_CONVERSION = YES_AGGRESSIVE;
				CLANG_CXX_LANGUAGE_STANDARD = "gnu++14";
				CLANG_CXX_LIBRARY = "libc++";
				CLANG_ENABLE_MODULES = YES;
				CLANG_ENABLE_OBJC_ARC = YES;
				CLANG_ENABLE_OBJC_WEAK = YES;
				CLANG_WARN_BLOCK_CAPTURE_AUTORELEASING = YES;
				CLANG_WARN_BOOL_CONVERSION = YES;
				CLANG_WARN_COMMA = YES;
				CLANG_WARN_CONSTANT_CONVERSION = YES;
				CLANG_WARN_DEPRECATED_OBJC_IMPLEMENTATIONS = YES;
				CLANG_WARN_DIRECT_OBJC_ISA_USAGE = YES_ERROR;
				CLANG_WARN_DOCUMENTATION_COMMENTS = YES;
				CLANG_WARN_EMPTY_BODY = YES;
				CLANG_WARN_ENUM_CONVERSION = YES;
				CLANG_WARN_INFINITE_RECURSION = YES;
				CLANG_WARN_INT_CONVERSION = YES;
				CLANG_WARN_NON_LITERAL_NULL_CONVERSION = YES;
				CLANG_WARN_OBJC_IMPLICIT_RETAIN_SELF = YES;
				CLANG_WARN_OBJC_LITERAL_CONVERSION = YES;
				CLANG_WARN_OBJC_ROOT_CLASS = YES_ERROR;
				CLANG_WARN_RANGE_LOOP_ANALYSIS = YES;
				CLANG_WARN_STRICT_PROTOTYPES = YES;
				CLANG_WARN_SUSPICIOUS_MOVE = YES;
				CLANG_WARN_UNGUARDED_AVAILABILITY = YES_AGGRESSIVE;
				CLANG_WARN_UNREACHABLE_CODE = YES;
				CLANG_WARN__DUPLICATE_METHOD_MATCH = YES;
				COPY_PHASE_STRIP = NO;
				DEBUG_INFORMATION_FORMAT = "dwarf-with-dsym";
				ENABLE_NS_ASSERTIONS = NO;
				ENABLE_STRICT_OBJC_MSGSEND = YES;
				GCC_C_LANGUAGE_STANDARD = gnu11;
				GCC_NO_COMMON_BLOCKS = YES;
				GCC_WARN_64_TO_32_BIT_CONVERSION = YES;
				GCC_WARN_ABOUT_RETURN_TYPE = YES_ERROR;
				GCC_WARN_UNDECLARED_SELECTOR = YES;
				GCC_WARN_UNINITIALIZED_AUTOS = YES_AGGRESSIVE;
				GCC_WARN_UNUSED_FUNCTION = YES;
				GCC_WARN_UNUSED_VARIABLE = YES;
				IPHONEOS_DEPLOYMENT_TARGET = 13.0;
				MTL_ENABLE_DEBUG_INFO = NO;
				MTL_FAST_MATH = YES;
				SDKROOT = iphoneos;
				SWIFT_COMPILATION_MODE = wholemodule;
				SWIFT_OPTIMIZATION_LEVEL = "-O";
				VALIDATE_PRODUCT = YES;
			};
			name = Release;
		};
		C3968F2722AA416E004CB76C /* Debug */ = {
			isa = XCBuildConfiguration;
			buildSettings = {
				ASSETCATALOG_COMPILER_APPICON_NAME = AppIcon;
				CODE_SIGN_STYLE = Manual;
				DEVELOPMENT_ASSET_PATHS = "Podcasts/Preview\\ Content";
				DEVELOPMENT_TEAM = "";
				ENABLE_PREVIEWS = YES;
				FRAMEWORK_SEARCH_PATHS = (
					"$(inherited)",
					"$(PROJECT_DIR)/Carthage/Build/iOS",
				);
				INFOPLIST_FILE = Podcasts/Info.plist;
				IPHONEOS_DEPLOYMENT_TARGET = 13.0;
				LD_RUNPATH_SEARCH_PATHS = (
					"$(inherited)",
					"@executable_path/Frameworks",
				);
				PRODUCT_BUNDLE_IDENTIFIER = com.github.albertopeam.Podcasts;
				PRODUCT_NAME = "$(TARGET_NAME)";
				PROVISIONING_PROFILE_SPECIFIER = "";
				SWIFT_VERSION = 5.0;
				TARGETED_DEVICE_FAMILY = 1;
			};
			name = Debug;
		};
		C3968F2822AA416E004CB76C /* Release */ = {
			isa = XCBuildConfiguration;
			buildSettings = {
				ASSETCATALOG_COMPILER_APPICON_NAME = AppIcon;
				CODE_SIGN_STYLE = Manual;
				DEVELOPMENT_ASSET_PATHS = "Podcasts/Preview\\ Content";
				DEVELOPMENT_TEAM = "";
				ENABLE_PREVIEWS = YES;
				FRAMEWORK_SEARCH_PATHS = (
					"$(inherited)",
					"$(PROJECT_DIR)/Carthage/Build/iOS",
				);
				INFOPLIST_FILE = Podcasts/Info.plist;
				IPHONEOS_DEPLOYMENT_TARGET = 13.0;
				LD_RUNPATH_SEARCH_PATHS = (
					"$(inherited)",
					"@executable_path/Frameworks",
				);
				PRODUCT_BUNDLE_IDENTIFIER = com.github.albertopeam.Podcasts;
				PRODUCT_NAME = "$(TARGET_NAME)";
				PROVISIONING_PROFILE_SPECIFIER = "";
				SWIFT_VERSION = 5.0;
				TARGETED_DEVICE_FAMILY = 1;
			};
			name = Release;
		};
		C3968F2A22AA416E004CB76C /* Debug */ = {
			isa = XCBuildConfiguration;
			buildSettings = {
				ALWAYS_EMBED_SWIFT_STANDARD_LIBRARIES = YES;
				BUNDLE_LOADER = "$(TEST_HOST)";
				CODE_SIGN_STYLE = Automatic;
				DEVELOPMENT_TEAM = EAL5PKWJ89;
				INFOPLIST_FILE = PodcastsTests/Info.plist;
				LD_RUNPATH_SEARCH_PATHS = (
					"$(inherited)",
					"@executable_path/Frameworks",
					"@loader_path/Frameworks",
				);
				PRODUCT_BUNDLE_IDENTIFIER = com.github.albertopeam.PodcastsTests;
				PRODUCT_NAME = "$(TARGET_NAME)";
				SWIFT_VERSION = 5.0;
				TARGETED_DEVICE_FAMILY = "1,2";
				TEST_HOST = "$(BUILT_PRODUCTS_DIR)/Podcasts.app/Podcasts";
			};
			name = Debug;
		};
		C3968F2B22AA416E004CB76C /* Release */ = {
			isa = XCBuildConfiguration;
			buildSettings = {
				ALWAYS_EMBED_SWIFT_STANDARD_LIBRARIES = YES;
				BUNDLE_LOADER = "$(TEST_HOST)";
				CODE_SIGN_STYLE = Automatic;
				DEVELOPMENT_TEAM = EAL5PKWJ89;
				INFOPLIST_FILE = PodcastsTests/Info.plist;
				LD_RUNPATH_SEARCH_PATHS = (
					"$(inherited)",
					"@executable_path/Frameworks",
					"@loader_path/Frameworks",
				);
				PRODUCT_BUNDLE_IDENTIFIER = com.github.albertopeam.PodcastsTests;
				PRODUCT_NAME = "$(TARGET_NAME)";
				SWIFT_VERSION = 5.0;
				TARGETED_DEVICE_FAMILY = "1,2";
				TEST_HOST = "$(BUILT_PRODUCTS_DIR)/Podcasts.app/Podcasts";
			};
			name = Release;
		};
/* End XCBuildConfiguration section */

/* Begin XCConfigurationList section */
		C3968F0222AA416C004CB76C /* Build configuration list for PBXProject "Podcasts" */ = {
			isa = XCConfigurationList;
			buildConfigurations = (
				C3968F2422AA416E004CB76C /* Debug */,
				C3968F2522AA416E004CB76C /* Release */,
			);
			defaultConfigurationIsVisible = 0;
			defaultConfigurationName = Release;
		};
		C3968F2622AA416E004CB76C /* Build configuration list for PBXNativeTarget "Podcasts" */ = {
			isa = XCConfigurationList;
			buildConfigurations = (
				C3968F2722AA416E004CB76C /* Debug */,
				C3968F2822AA416E004CB76C /* Release */,
			);
			defaultConfigurationIsVisible = 0;
			defaultConfigurationName = Release;
		};
		C3968F2922AA416E004CB76C /* Build configuration list for PBXNativeTarget "PodcastsTests" */ = {
			isa = XCConfigurationList;
			buildConfigurations = (
				C3968F2A22AA416E004CB76C /* Debug */,
				C3968F2B22AA416E004CB76C /* Release */,
			);
			defaultConfigurationIsVisible = 0;
			defaultConfigurationName = Release;
		};
/* End XCConfigurationList section */
	};
	rootObject = C3968EFF22AA416C004CB76C /* Project object */;
}
